PODS:
  - Masonry (1.1.0)
  - SDCycleScrollView (1.80):
    - SDWebImage (>= 5.0.0)
  - SDWebImage (5.6.1):
    - SDWebImage/Core (= 5.6.1)
  - SDWebImage/Core (5.6.1)

DEPENDENCIES:
  - Masonry
  - SDCycleScrollView

SPEC REPOS:
  https://github.com/CocoaPods/Specs.git:
    - Masonry
    - SDCycleScrollView
    - SDWebImage

SPEC CHECKSUMS:
  Masonry: 678fab65091a9290e40e2832a55e7ab731aad201
  SDCycleScrollView: b3c9a5ed840c771c4938978174c7c9d9feefeb96
  SDWebImage: 7edb9c3ea661e77a66661f7f044de8c1b55d1120

PODFILE CHECKSUM: 0d1e56bdb3fb59e5753ee259956fc5462e4801b1

COCOAPODS: 1.8.4
